// !$*UTF8*$!
{
	archiveVersion = 1;
	classes = {
	};
	objectVersion = 46;
	objects = {

/* Begin PBXBuildFile section */
		9104DEAC1D5F0E1800F6BE78 /* main.m in Sources */ = {isa = PBXBuildFile; fileRef = 9104DEAB1D5F0E1800F6BE78 /* main.m */; };
		9104DEAF1D5F0E1800F6BE78 /* AppDelegate.m in Sources */ = {isa = PBXBuildFile; fileRef = 9104DEAE1D5F0E1800F6BE78 /* AppDelegate.m */; };
		9104DEB21D5F0E1800F6BE78 /* ViewController.m in Sources */ = {isa = PBXBuildFile; fileRef = 9104DEB11D5F0E1800F6BE78 /* ViewController.m */; };
		9104DEB51D5F0E1800F6BE78 /* Main.storyboard in Resources */ = {isa = PBXBuildFile; fileRef = 9104DEB31D5F0E1800F6BE78 /* Main.storyboard */; };
		9104DEB71D5F0E1800F6BE78 /* Assets.xcassets in Resources */ = {isa = PBXBuildFile; fileRef = 9104DEB61D5F0E1800F6BE78 /* Assets.xcassets */; };
		9104DEBA1D5F0E1800F6BE78 /* LaunchScreen.storyboard in Resources */ = {isa = PBXBuildFile; fileRef = 9104DEB81D5F0E1800F6BE78 /* LaunchScreen.storyboard */; };
		9104DEC51D5F0E1900F6BE78 /* TestTests.m in Sources */ = {isa = PBXBuildFile; fileRef = 9104DEC41D5F0E1900F6BE78 /* TestTests.m */; };
		9104DED01D5F0E1900F6BE78 /* TestUITests.m in Sources */ = {isa = PBXBuildFile; fileRef = 9104DECF1D5F0E1900F6BE78 /* TestUITests.m */; };
		9104DEDF1D5F0EDB00F6BE78 /* MyView.m in Sources */ = {isa = PBXBuildFile; fileRef = 9104DEDE1D5F0EDB00F6BE78 /* MyView.m */; settings = {ASSET_TAGS = (); }; };
/* End PBXBuildFile section */

/* Begin PBXContainerItemProxy section */
		9104DEC11D5F0E1900F6BE78 /* PBXContainerItemProxy */ = {
			isa = PBXContainerItemProxy;
			containerPortal = 9104DE9F1D5F0E1800F6BE78 /* Project object */;
			proxyType = 1;
			remoteGlobalIDString = 9104DEA61D5F0E1800F6BE78;
			remoteInfo = Test;
		};
		9104DECC1D5F0E1900F6BE78 /* PBXContainerItemProxy */ = {
			isa = PBXContainerItemProxy;
			containerPortal = 9104DE9F1D5F0E1800F6BE78 /* Project object */;
			proxyType = 1;
			remoteGlobalIDString = 9104DEA61D5F0E1800F6BE78;
			remoteInfo = Test;
		};
/* End PBXContainerItemProxy section */

/* Begin PBXFileReference section */
		9104DEA71D5F0E1800F6BE78 /* Test.app */ = {isa = PBXFileReference; explicitFileType = wrapper.application; includeInIndex = 0; path = Test.app; sourceTree = BUILT_PRODUCTS_DIR; };
		9104DEAB1D5F0E1800F6BE78 /* main.m */ = {isa = PBXFileReference; lastKnownFileType = sourcecode.c.objc; path = main.m; sourceTree = "<group>"; };
		9104DEAD1D5F0E1800F6BE78 /* AppDelegate.h */ = {isa = PBXFileReference; lastKnownFileType = sourcecode.c.h; path = AppDelegate.h; sourceTree = "<group>"; };
		9104DEAE1D5F0E1800F6BE78 /* AppDelegate.m */ = {isa = PBXFileReference; lastKnownFileType = sourcecode.c.objc; path = AppDelegate.m; sourceTree = "<group>"; };
		9104DEB01D5F0E1800F6BE78 /* ViewController.h */ = {isa = PBXFileReference; lastKnownFileType = sourcecode.c.h; path = ViewController.h; sourceTree = "<group>"; };
		9104DEB11D5F0E1800F6BE78 /* ViewController.m */ = {isa = PBXFileReference; lastKnownFileType = sourcecode.c.objc; path = ViewController.m; sourceTree = "<group>"; };
		9104DEB41D5F0E1800F6BE78 /* Base */ = {isa = PBXFileReference; lastKnownFileType = file.storyboard; name = Base; path = Base.lproj/Main.storyboard; sourceTree = "<group>"; };
		9104DEB61D5F0E1800F6BE78 /* Assets.xcassets */ = {isa = PBXFileReference; lastKnownFileType = folder.assetcatalog; path = Assets.xcassets; sourceTree = "<group>"; };
		9104DEB91D5F0E1800F6BE78 /* Base */ = {isa = PBXFileReference; lastKnownFileType = file.storyboard; name = Base; path = Base.lproj/LaunchScreen.storyboard; sourceTree = "<group>"; };
		9104DEBB1D5F0E1800F6BE78 /* Info.plist */ = {isa = PBXFileReference; lastKnownFileType = text.plist.xml; path = Info.plist; sourceTree = "<group>"; };
		9104DEC01D5F0E1900F6BE78 /* TestTests.xctest */ = {isa = PBXFileReference; explicitFileType = wrapper.cfbundle; includeInIndex = 0; path = TestTests.xctest; sourceTree = BUILT_PRODUCTS_DIR; };
		9104DEC41D5F0E1900F6BE78 /* TestTests.m */ = {isa = PBXFileReference; lastKnownFileType = sourcecode.c.objc; path = TestTests.m; sourceTree = "<group>"; };
		9104DEC61D5F0E1900F6BE78 /* Info.plist */ = {isa = PBXFileReference; lastKnownFileType = text.plist.xml; path = Info.plist; sourceTree = "<group>"; };
		9104DECB1D5F0E1900F6BE78 /* TestUITests.xctest */ = {isa = PBXFileReference; explicitFileType = wrapper.cfbundle; includeInIndex = 0; path = TestUITests.xctest; sourceTree = BUILT_PRODUCTS_DIR; };
		9104DECF1D5F0E1900F6BE78 /* TestUITests.m */ = {isa = PBXFileReference; lastKnownFileType = sourcecode.c.objc; path = TestUITests.m; sourceTree = "<group>"; };
		9104DED11D5F0E1900F6BE78 /* Info.plist */ = {isa = PBXFileReference; lastKnownFileType = text.plist.xml; path = Info.plist; sourceTree = "<group>"; };
		9104DEDD1D5F0EDB00F6BE78 /* MyView.h */ = {isa = PBXFileReference; fileEncoding = 4; lastKnownFileType = sourcecode.c.h; path = MyView.h; sourceTree = "<group>"; };
		9104DEDE1D5F0EDB00F6BE78 /* MyView.m */ = {isa = PBXFileReference; fileEncoding = 4; lastKnownFileType = sourcecode.c.objc; path = MyView.m; sourceTree = "<group>"; };
/* End PBXFileReference section */

/* Begin PBXFrameworksBuildPhase section */
		9104DEA41D5F0E1800F6BE78 /* Frameworks */ = {
			isa = PBXFrameworksBuildPhase;
			buildActionMask = 2147483647;
			files = (
			);
			runOnlyForDeploymentPostprocessing = 0;
		};
		9104DEBD1D5F0E1900F6BE78 /* Frameworks */ = {
			isa = PBXFrameworksBuildPhase;
			buildActionMask = 2147483647;
			files = (
			);
			runOnlyForDeploymentPostprocessing = 0;
		};
		9104DEC81D5F0E1900F6BE78 /* Frameworks */ = {
			isa = PBXFrameworksBuildPhase;
			buildActionMask = 2147483647;
			files = (
			);
			runOnlyForDeploymentPostprocessing = 0;
		};
/* End PBXFrameworksBuildPhase section */

/* Begin PBXGroup section */
		9104DE9E1D5F0E1800F6BE78 = {
			isa = PBXGroup;
			children = (
				9104DEA91D5F0E1800F6BE78 /* Test */,
				9104DEC31D5F0E1900F6BE78 /* TestTests */,
				9104DECE1D5F0E1900F6BE78 /* TestUITests */,
				9104DEA81D5F0E1800F6BE78 /* Products */,
			);
			sourceTree = "<group>";
		};
		9104DEA81D5F0E1800F6BE78 /* Products */ = {
			isa = PBXGroup;
			children = (
				9104DEA71D5F0E1800F6BE78 /* Test.app */,
				9104DEC01D5F0E1900F6BE78 /* TestTests.xctest */,
				9104DECB1D5F0E1900F6BE78 /* TestUITests.xctest */,
			);
			name = Products;
			sourceTree = "<group>";
		};
		9104DEA91D5F0E1800F6BE78 /* Test */ = {
			isa = PBXGroup;
			children = (
				9104DEDD1D5F0EDB00F6BE78 /* MyView.h */,
				9104DEDE1D5F0EDB00F6BE78 /* MyView.m */,
				9104DEAD1D5F0E1800F6BE78 /* AppDelegate.h */,
				9104DEAE1D5F0E1800F6BE78 /* AppDelegate.m */,
				9104DEB01D5F0E1800F6BE78 /* ViewController.h */,
				9104DEB11D5F0E1800F6BE78 /* ViewController.m */,
				9104DEB31D5F0E1800F6BE78 /* Main.storyboard */,
				9104DEB61D5F0E1800F6BE78 /* Assets.xcassets */,
				9104DEB81D5F0E1800F6BE78 /* LaunchScreen.storyboard */,
				9104DEBB1D5F0E1800F6BE78 /* Info.plist */,
				9104DEAA1D5F0E1800F6BE78 /* Supporting Files */,
			);
			path = Test;
			sourceTree = "<group>";
		};
		9104DEAA1D5F0E1800F6BE78 /* Supporting Files */ = {
			isa = PBXGroup;
			children = (
				9104DEAB1D5F0E1800F6BE78 /* main.m */,
			);
			name = "Supporting Files";
			sourceTree = "<group>";
		};
		9104DEC31D5F0E1900F6BE78 /* TestTests */ = {
			isa = PBXGroup;
			children = (
				9104DEC41D5F0E1900F6BE78 /* TestTests.m */,
				9104DEC61D5F0E1900F6BE78 /* Info.plist */,
			);
			path = TestTests;
			sourceTree = "<group>";
		};
		9104DECE1D5F0E1900F6BE78 /* TestUITests */ = {
			isa = PBXGroup;
			children = (
				9104DECF1D5F0E1900F6BE78 /* TestUITests.m */,
				9104DED11D5F0E1900F6BE78 /* Info.plist */,
			);
			path = TestUITests;
			sourceTree = "<group>";
		};
/* End PBXGroup section */

/* Begin PBXNativeTarget section */
		9104DEA61D5F0E1800F6BE78 /* Test */ = {
			isa = PBXNativeTarget;
			buildConfigurationList = 9104DED41D5F0E1900F6BE78 /* Build configuration list for PBXNativeTarget "Test" */;
			buildPhases = (
				9104DEA31D5F0E1800F6BE78 /* Sources */,
				9104DEA41D5F0E1800F6BE78 /* Frameworks */,
				9104DEA51D5F0E1800F6BE78 /* Resources */,
			);
			buildRules = (
			);
			dependencies = (
			);
			name = Test;
			productName = Test;
			productReference = 9104DEA71D5F0E1800F6BE78 /* Test.app */;
			productType = "com.apple.product-type.application";
		};
		9104DEBF1D5F0E1900F6BE78 /* TestTests */ = {
			isa = PBXNativeTarget;
			buildConfigurationList = 9104DED71D5F0E1900F6BE78 /* Build configuration list for PBXNativeTarget "TestTests" */;
			buildPhases = (
				9104DEBC1D5F0E1900F6BE78 /* Sources */,
				9104DEBD1D5F0E1900F6BE78 /* Frameworks */,
				9104DEBE1D5F0E1900F6BE78 /* Resources */,
			);
			buildRules = (
			);
			dependencies = (
				9104DEC21D5F0E1900F6BE78 /* PBXTargetDependency */,
			);
			name = TestTests;
			productName = TestTests;
			productReference = 9104DEC01D5F0E1900F6BE78 /* TestTests.xctest */;
			productType = "com.apple.product-type.bundle.unit-test";
		};
		9104DECA1D5F0E1900F6BE78 /* TestUITests */ = {
			isa = PBXNativeTarget;
			buildConfigurationList = 9104DEDA1D5F0E1900F6BE78 /* Build configuration list for PBXNativeTarget "TestUITests" */;
			buildPhases = (
				9104DEC71D5F0E1900F6BE78 /* Sources */,
				9104DEC81D5F0E1900F6BE78 /* Frameworks */,
				9104DEC91D5F0E1900F6BE78 /* Resources */,
			);
			buildRules = (
			);
			dependencies = (
				9104DECD1D5F0E1900F6BE78 /* PBXTargetDependency */,
			);
			name = TestUITests;
			productName = TestUITests;
			productReference = 9104DECB1D5F0E1900F6BE78 /* TestUITests.xctest */;
			productType = "com.apple.product-type.bundle.ui-testing";
		};
/* End PBXNativeTarget section */

/* Begin PBXProject section */
		9104DE9F1D5F0E1800F6BE78 /* Project object */ = {
			isa = PBXProject;
			attributes = {
				LastUpgradeCheck = 0700;
				ORGANIZATIONNAME = aocheng;
				TargetAttributes = {
					9104DEA61D5F0E1800F6BE78 = {
						CreatedOnToolsVersion = 7.0.1;
					};
					9104DEBF1D5F0E1900F6BE78 = {
						CreatedOnToolsVersion = 7.0.1;
						TestTargetID = 9104DEA61D5F0E1800F6BE78;
					};
					9104DECA1D5F0E1900F6BE78 = {
						CreatedOnToolsVersion = 7.0.1;
						TestTargetID = 9104DEA61D5F0E1800F6BE78;
					};
				};
			};
			buildConfigurationList = 9104DEA21D5F0E1800F6BE78 /* Build configuration list for PBXProject "Test" */;
			compatibilityVersion = "Xcode 3.2";
			developmentRegion = English;
			hasScannedForEncodings = 0;
			knownRegions = (
				en,
				Base,
			);
			mainGroup = 9104DE9E1D5F0E1800F6BE78;
			productRefGroup = 9104DEA81D5F0E1800F6BE78 /* Products */;
			projectDirPath = "";
			projectRoot = "";
			targets = (
				9104DEA61D5F0E1800F6BE78 /* Test */,
				9104DEBF1D5F0E1900F6BE78 /* TestTests */,
				9104DECA1D5F0E1900F6BE78 /* TestUITests */,
			);
		};
/* End PBXProject section */

/* Begin PBXResourcesBuildPhase section */
		9104DEA51D5F0E1800F6BE78 /* Resources */ = {
			isa = PBXResourcesBuildPhase;
			buildActionMask = 2147483647;
			files = (
				9104DEBA1D5F0E1800F6BE78 /* LaunchScreen.storyboard in Resources */,
				9104DEB71D5F0E1800F6BE78 /* Assets.xcassets in Resources */,
				9104DEB51D5F0E1800F6BE78 /* Main.storyboard in Resources */,
			);
			runOnlyForDeploymentPostprocessing = 0;
		};
		9104DEBE1D5F0E1900F6BE78 /* Resources */ = {
			isa = PBXResourcesBuildPhase;
			buildActionMask = 2147483647;
			files = (
			);
			runOnlyForDeploymentPostprocessing = 0;
		};
		9104DEC91D5F0E1900F6BE78 /* Resources */ = {
			isa = PBXResourcesBuildPhase;
			buildActionMask = 2147483647;
			files = (
			);
			runOnlyForDeploymentPostprocessing = 0;
		};
/* End PBXResourcesBuildPhase section */

/* Begin PBXSourcesBuildPhase section */
		9104DEA31D5F0E1800F6BE78 /* Sources */ = {
			isa = PBXSourcesBuildPhase;
			buildActionMask = 2147483647;
			files = (
				9104DEDF1D5F0EDB00F6BE78 /* MyView.m in Sources */,
				9104DEB21D5F0E1800F6BE78 /* ViewController.m in Sources */,
				9104DEAF1D5F0E1800F6BE78 /* AppDelegate.m in Sources */,
				9104DEAC1D5F0E1800F6BE78 /* main.m in Sources */,
			);
			runOnlyForDeploymentPostprocessing = 0;
		};
		9104DEBC1D5F0E1900F6BE78 /* Sources */ = {
			isa = PBXSourcesBuildPhase;
			buildActionMask = 2147483647;
			files = (
				9104DEC51D5F0E1900F6BE78 /* TestTests.m in Sources */,
			);
			runOnlyForDeploymentPostprocessing = 0;
		};
		9104DEC71D5F0E1900F6BE78 /* Sources */ = {
			isa = PBXSourcesBuildPhase;
			buildActionMask = 2147483647;
			files = (
				9104DED01D5F0E1900F6BE78 /* TestUITests.m in Sources */,
			);
			runOnlyForDeploymentPostprocessing = 0;
		};
/* End PBXSourcesBuildPhase section */

/* Begin PBXTargetDependency section */
		9104DEC21D5F0E1900F6BE78 /* PBXTargetDependency */ = {
			isa = PBXTargetDependency;
			target = 9104DEA61D5F0E1800F6BE78 /* Test */;
			targetProxy = 9104DEC11D5F0E1900F6BE78 /* PBXContainerItemProxy */;
		};
		9104DECD1D5F0E1900F6BE78 /* PBXTargetDependency */ = {
			isa = PBXTargetDependency;
			target = 9104DEA61D5F0E1800F6BE78 /* Test */;
			targetProxy = 9104DECC1D5F0E1900F6BE78 /* PBXContainerItemProxy */;
		};
/* End PBXTargetDependency section */

/* Begin PBXVariantGroup section */
		9104DEB31D5F0E1800F6BE78 /* Main.storyboard */ = {
			isa = PBXVariantGroup;
			children = (
				9104DEB41D5F0E1800F6BE78 /* Base */,
			);
			name = Main.storyboard;
			sourceTree = "<group>";
		};
		9104DEB81D5F0E1800F6BE78 /* LaunchScreen.storyboard */ = {
			isa = PBXVariantGroup;
			children = (
				9104DEB91D5F0E1800F6BE78 /* Base */,
			);
			name = LaunchScreen.storyboard;
			sourceTree = "<group>";
		};
/* End PBXVariantGroup section */

/* Begin XCBuildConfiguration section */
		9104DED21D5F0E1900F6BE78 /* Debug */ = {
			isa = XCBuildConfiguration;
			buildSettings = {
				ALWAYS_SEARCH_USER_PATHS = NO;
				CLANG_CXX_LANGUAGE_STANDARD = "gnu++0x";
				CLANG_CXX_LIBRARY = "libc++";
				CLANG_ENABLE_MODULES = YES;
				CLANG_ENABLE_OBJC_ARC = YES;
				CLANG_WARN_BOOL_CONVERSION = YES;
				CLANG_WARN_CONSTANT_CONVERSION = YES;
				CLANG_WARN_DIRECT_OBJC_ISA_USAGE = YES_ERROR;
				CLANG_WARN_EMPTY_BODY = YES;
				CLANG_WARN_ENUM_CONVERSION = YES;
				CLANG_WARN_INT_CONVERSION = YES;
				CLANG_WARN_OBJC_ROOT_CLASS = YES_ERROR;
				CLANG_WARN_UNREACHABLE_CODE = YES;
				CLANG_WARN__DUPLICATE_METHOD_MATCH = YES;
				"CODE_SIGN_IDENTITY[sdk=iphoneos*]" = "iPhone Developer";
				COPY_PHASE_STRIP = NO;
				DEBUG_INFORMATION_FORMAT = dwarf;
				ENABLE_STRICT_OBJC_MSGSEND = YES;
				ENABLE_TESTABILITY = YES;
				GCC_C_LANGUAGE_STANDARD = gnu99;
				GCC_DYNAMIC_NO_PIC = NO;
				GCC_NO_COMMON_BLOCKS = YES;
				GCC_OPTIMIZATION_LEVEL = 0;
				GCC_PREPROCESSOR_DEFINITIONS = (
					"DEBUG=1",
					"$(inherited)",
				);
				GCC_WARN_64_TO_32_BIT_CONVERSION = YES;
				GCC_WARN_ABOUT_RETURN_TYPE = YES_ERROR;
				GCC_WARN_UNDECLARED_SELECTOR = YES;
				GCC_WARN_UNINITIALIZED_AUTOS = YES_AGGRESSIVE;
				GCC_WARN_UNUSED_FUNCTION = YES;
				GCC_WARN_UNUSED_VARIABLE = YES;
				IPHONEOS_DEPLOYMENT_TARGET = 9.0;
				MTL_ENABLE_DEBUG_INFO = YES;
				ONLY_ACTIVE_ARCH = YES;
				SDKROOT = iphoneos;
				TARGETED_DEVICE_FAMILY = "1,2";
			};
			name = Debug;
		};
		9104DED31D5F0E1900F6BE78 /* Release */ = {
			isa = XCBuildConfiguration;
			buildSettings = {
				ALWAYS_SEARCH_USER_PATHS = NO;
				CLANG_CXX_LANGUAGE_STANDARD = "gnu++0x";
				CLANG_CXX_LIBRARY = "libc++";
				CLANG_ENABLE_MODULES = YES;
				CLANG_ENABLE_OBJC_ARC = YES;
				CLANG_WARN_BOOL_CONVERSION = YES;
				CLANG_WARN_CONSTANT_CONVERSION = YES;
				CLANG_WARN_DIRECT_OBJC_ISA_USAGE = YES_ERROR;
				CLANG_WARN_EMPTY_BODY = YES;
				CLANG_WARN_ENUM_CONVERSION = YES;
				CLANG_WARN_INT_CONVERSION = YES;
				CLANG_WARN_OBJC_ROOT_CLASS = YES_ERROR;
				CLANG_WARN_UNREACHABLE_CODE = YES;
				CLANG_WARN__DUPLICATE_METHOD_MATCH = YES;
				"CODE_SIGN_IDENTITY[sdk=iphoneos*]" = "iPhone Developer";
				COPY_PHASE_STRIP = NO;
				DEBUG_INFORMATION_FORMAT = "dwarf-with-dsym";
				ENABLE_NS_ASSERTIONS = NO;
				ENABLE_STRICT_OBJC_MSGSEND = YES;
				GCC_C_LANGUAGE_STANDARD = gnu99;
				GCC_NO_COMMON_BLOCKS = YES;
				GCC_WARN_64_TO_32_BIT_CONVERSION = YES;
				GCC_WARN_ABOUT_RETURN_TYPE = YES_ERROR;
				GCC_WARN_UNDECLARED_SELECTOR = YES;
				GCC_WARN_UNINITIALIZED_AUTOS = YES_AGGRESSIVE;
				GCC_WARN_UNUSED_FUNCTION = YES;
				GCC_WARN_UNUSED_VARIABLE = YES;
				IPHONEOS_DEPLOYMENT_TARGET = 9.0;
				MTL_ENABLE_DEBUG_INFO = NO;
				SDKROOT = iphoneos;
				TARGETED_DEVICE_FAMILY = "1,2";
				VALIDATE_PRODUCT = YES;
			};
			name = Release;
		};
		9104DED51D5F0E1900F6BE78 /* Debug */ = {
			isa = XCBuildConfiguration;
			buildSettings = {
				ASSETCATALOG_COMPILER_APPICON_NAME = AppIcon;
				INFOPLIST_FILE = Test/Info.plist;
				LD_RUNPATH_SEARCH_PATHS = "$(inherited) @executable_path/Frameworks";
				PRODUCT_BUNDLE_IDENTIFIER = aocheng.Test;
				PRODUCT_NAME = "$(TARGET_NAME)";
			};
			name = Debug;
		};
		9104DED61D5F0E1900F6BE78 /* Release */ = {
			isa = XCBuildConfiguration;
			buildSettings = {
				ASSETCATALOG_COMPILER_APPICON_NAME = AppIcon;
				INFOPLIST_FILE = Test/Info.plist;
				LD_RUNPATH_SEARCH_PATHS = "$(inherited) @executable_path/Frameworks";
				PRODUCT_BUNDLE_IDENTIFIER = aocheng.Test;
				PRODUCT_NAME = "$(TARGET_NAME)";
			};
			name = Release;
		};
		9104DED81D5F0E1900F6BE78 /* Debug */ = {
			isa = XCBuildConfiguration;
			buildSettings = {
				BUNDLE_LOADER = "$(TEST_HOST)";
				INFOPLIST_FILE = TestTests/Info.plist;
				LD_RUNPATH_SEARCH_PATHS = "$(inherited) @executable_path/Frameworks @loader_path/Frameworks";
				PRODUCT_BUNDLE_IDENTIFIER = aocheng.TestTests;
				PRODUCT_NAME = "$(TARGET_NAME)";
				TEST_HOST = "$(BUILT_PRODUCTS_DIR)/Test.app/Test";
			};
			name = Debug;
		};
		9104DED91D5F0E1900F6BE78 /* Release */ = {
			isa = XCBuildConfiguration;
			buildSettings = {
				BUNDLE_LOADER = "$(TEST_HOST)";
				INFOPLIST_FILE = TestTests/Info.plist;
				LD_RUNPATH_SEARCH_PATHS = "$(inherited) @executable_path/Frameworks @loader_path/Frameworks";
				PRODUCT_BUNDLE_IDENTIFIER = aocheng.TestTests;
				PRODUCT_NAME = "$(TARGET_NAME)";
				TEST_HOST = "$(BUILT_PRODUCTS_DIR)/Test.app/Test";
			};
			name = Release;
		};
		9104DEDB1D5F0E1900F6BE78 /* Debug */ = {
			isa = XCBuildConfiguration;
			buildSettings = {
				INFOPLIST_FILE = TestUITests/Info.plist;
				LD_RUNPATH_SEARCH_PATHS = "$(inherited) @executable_path/Frameworks @loader_path/Frameworks";
				PRODUCT_BUNDLE_IDENTIFIER = aocheng.TestUITests;
				PRODUCT_NAME = "$(TARGET_NAME)";
				TEST_TARGET_NAME = Test;
				USES_XCTRUNNER = YES;
			};
			name = Debug;
		};
		9104DEDC1D5F0E1900F6BE78 /* Release */ = {
			isa = XCBuildConfiguration;
			buildSettings = {
				INFOPLIST_FILE = TestUITests/Info.plist;
				LD_RUNPATH_SEARCH_PATHS = "$(inherited) @executable_path/Frameworks @loader_path/Frameworks";
				PRODUCT_BUNDLE_IDENTIFIER = aocheng.TestUITests;
				PRODUCT_NAME = "$(TARGET_NAME)";
				TEST_TARGET_NAME = Test;
				USES_XCTRUNNER = YES;
			};
			name = Release;
		};
/* End XCBuildConfiguration section */

/* Begin XCConfigurationList section */
		9104DEA21D5F0E1800F6BE78 /* Build configuration list for PBXProject "Test" */ = {
			isa = XCConfigurationList;
			buildConfigurations = (
				9104DED21D5F0E1900F6BE78 /* Debug */,
				9104DED31D5F0E1900F6BE78 /* Release */,
			);
			defaultConfigurationIsVisible = 0;
			defaultConfigurationName = Release;
		};
		9104DED41D5F0E1900F6BE78 /* Build configuration list for PBXNativeTarget "Test" */ = {
			isa = XCConfigurationList;
			buildConfigurations = (
				9104DED51D5F0E1900F6BE78 /* Debug */,
				9104DED61D5F0E1900F6BE78 /* Release */,
			);
			defaultConfigurationIsVisible = 0;
		};
		9104DED71D5F0E1900F6BE78 /* Build configuration list for PBXNativeTarget "TestTests" */ = {
			isa = XCConfigurationList;
			buildConfigurations = (
				9104DED81D5F0E1900F6BE78 /* Debug */,
				9104DED91D5F0E1900F6BE78 /* Release */,
			);
			defaultConfigurationIsVisible = 0;
		};
		9104DEDA1D5F0E1900F6BE78 /* Build configuration list for PBXNativeTarget "TestUITests" */ = {
			isa = XCConfigurationList;
			buildConfigurations = (
				9104DEDB1D5F0E1900F6BE78 /* Debug */,
				9104DEDC1D5F0E1900F6BE78 /* Release */,
			);
			defaultConfigurationIsVisible = 0;
		};
/* End XCConfigurationList section */
	};
	rootObject = 9104DE9F1D5F0E1800F6BE78 /* Project object */;
}
